// !$*UTF8*$!
{
	archiveVersion = 1;
	classes = {
	};
	objectVersion = 46;
	objects = {

/* Begin PBXBuildFile section */
		69157E481E53C2B4001B4B6C /* AppDelegate.swift in Sources */ = {isa = PBXBuildFile; fileRef = 69157E471E53C2B4001B4B6C /* AppDelegate.swift */; };
		69157E4A1E53C2B4001B4B6C /* ViewController.swift in Sources */ = {isa = PBXBuildFile; fileRef = 69157E491E53C2B4001B4B6C /* ViewController.swift */; };
		69157E4D1E53C2B4001B4B6C /* Main.storyboard in Resources */ = {isa = PBXBuildFile; fileRef = 69157E4B1E53C2B4001B4B6C /* Main.storyboard */; };
		69157E4F1E53C2B4001B4B6C /* Assets.xcassets in Resources */ = {isa = PBXBuildFile; fileRef = 69157E4E1E53C2B4001B4B6C /* Assets.xcassets */; };
		69157E521E53C2B4001B4B6C /* LaunchScreen.storyboard in Resources */ = {isa = PBXBuildFile; fileRef = 69157E501E53C2B4001B4B6C /* LaunchScreen.storyboard */; };
/* End PBXBuildFile section */

/* Begin PBXFileReference section */
		69157E441E53C2B4001B4B6C /* TableVIew.app */ = {isa = PBXFileReference; explicitFileType = wrapper.application; includeInIndex = 0; path = TableVIew.app; sourceTree = BUILT_PRODUCTS_DIR; };
		69157E471E53C2B4001B4B6C /* AppDelegate.swift */ = {isa = PBXFileReference; lastKnownFileType = sourcecode.swift; path = AppDelegate.swift; sourceTree = "<group>"; };
		69157E491E53C2B4001B4B6C /* ViewController.swift */ = {isa = PBXFileReference; lastKnownFileType = sourcecode.swift; path = ViewController.swift; sourceTree = "<group>"; };
		69157E4C1E53C2B4001B4B6C /* Base */ = {isa = PBXFileReference; lastKnownFileType = file.storyboard; name = Base; path = Base.lproj/Main.storyboard; sourceTree = "<group>"; };
		69157E4E1E53C2B4001B4B6C /* Assets.xcassets */ = {isa = PBXFileReference; lastKnownFileType = folder.assetcatalog; path = Assets.xcassets; sourceTree = "<group>"; };
		69157E511E53C2B4001B4B6C /* Base */ = {isa = PBXFileReference; lastKnownFileType = file.storyboard; name = Base; path = Base.lproj/LaunchScreen.storyboard; sourceTree = "<group>"; };
		69157E531E53C2B4001B4B6C /* Info.plist */ = {isa = PBXFileReference; lastKnownFileType = text.plist.xml; path = Info.plist; sourceTree = "<group>"; };
/* End PBXFileReference section */

/* Begin PBXFrameworksBuildPhase section */
		69157E411E53C2B4001B4B6C /* Frameworks */ = {
			isa = PBXFrameworksBuildPhase;
			buildActionMask = 2147483647;
			files = (
			);
			runOnlyForDeploymentPostprocessing = 0;
		};
/* End PBXFrameworksBuildPhase section */

/* Begin PBXGroup section */
		69157E3B1E53C2B4001B4B6C = {
			isa = PBXGroup;
			children = (
				69157E461E53C2B4001B4B6C /* TableVIew */,
				69157E451E53C2B4001B4B6C /* Products */,
			);
			sourceTree = "<group>";
		};
		69157E451E53C2B4001B4B6C /* Products */ = {
			isa = PBXGroup;
			children = (
				69157E441E53C2B4001B4B6C /* TableVIew.app */,
			);
			name = Products;
			sourceTree = "<group>";
		};
		69157E461E53C2B4001B4B6C /* TableVIew */ = {
			isa = PBXGroup;
			children = (
				69157E471E53C2B4001B4B6C /* AppDelegate.swift */,
				69157E491E53C2B4001B4B6C /* ViewController.swift */,
				69157E4B1E53C2B4001B4B6C /* Main.storyboard */,
				69157E4E1E53C2B4001B4B6C /* Assets.xcassets */,
				69157E501E53C2B4001B4B6C /* LaunchScreen.storyboard */,
				69157E531E53C2B4001B4B6C /* Info.plist */,
			);
			path = TableVIew;
			sourceTree = "<group>";
		};
/* End PBXGroup section */

/* Begin PBXNativeTarget section */
		69157E431E53C2B4001B4B6C /* TableVIew */ = {
			isa = PBXNativeTarget;
			buildConfigurationList = 69157E561E53C2B4001B4B6C /* Build configuration list for PBXNativeTarget "TableVIew" */;
			buildPhases = (
				69157E401E53C2B4001B4B6C /* Sources */,
				69157E411E53C2B4001B4B6C /* Frameworks */,
				69157E421E53C2B4001B4B6C /* Resources */,
			);
			buildRules = (
			);
			dependencies = (
			);
			name = TableVIew;
			productName = TableVIew;
			productReference = 69157E441E53C2B4001B4B6C /* TableVIew.app */;
			productType = "com.apple.product-type.application";
		};
/* End PBXNativeTarget section */

/* Begin PBXProject section */
		69157E3C1E53C2B4001B4B6C /* Project object */ = {
			isa = PBXProject;
			attributes = {
				LastSwiftUpdateCheck = 0820;
				LastUpgradeCheck = 0820;
				ORGANIZATIONNAME = jay;
				TargetAttributes = {
					69157E431E53C2B4001B4B6C = {
						CreatedOnToolsVersion = 8.2.1;
						DevelopmentTeam = KL9ALXR7AN;
						ProvisioningStyle = Automatic;
					};
				};
			};
			buildConfigurationList = 69157E3F1E53C2B4001B4B6C /* Build configuration list for PBXProject "TableVIew" */;
			compatibilityVersion = "Xcode 3.2";
			developmentRegion = English;
			hasScannedForEncodings = 0;
			knownRegions = (
				en,
				Base,
			);
			mainGroup = 69157E3B1E53C2B4001B4B6C;
			productRefGroup = 69157E451E53C2B4001B4B6C /* Products */;
			projectDirPath = "";
			projectRoot = "";
			targets = (
				69157E431E53C2B4001B4B6C /* TableVIew */,
			);
		};
/* End PBXProject section */

/* Begin PBXResourcesBuildPhase section */
		69157E421E53C2B4001B4B6C /* Resources */ = {
			isa = PBXResourcesBuildPhase;
			buildActionMask = 2147483647;
			files = (
				69157E521E53C2B4001B4B6C /* LaunchScreen.storyboard in Resources */,
				69157E4F1E53C2B4001B4B6C /* Assets.xcassets in Resources */,
				69157E4D1E53C2B4001B4B6C /* Main.storyboard in Resources */,
			);
			runOnlyForDeploymentPostprocessing = 0;
		};
/* End PBXResourcesBuildPhase section */

/* Begin PBXSourcesBuildPhase section */
		69157E401E53C2B4001B4B6C /* Sources */ = {
			isa = PBXSourcesBuildPhase;
			buildActionMask = 2147483647;
			files = (
				69157E4A1E53C2B4001B4B6C /* ViewController.swift in Sources */,
				69157E481E53C2B4001B4B6C /* AppDelegate.swift in Sources */,
			);
			runOnlyForDeploymentPostprocessing = 0;
		};
/* End PBXSourcesBuildPhase section */

/* Begin PBXVariantGroup section */
		69157E4B1E53C2B4001B4B6C /* Main.storyboard */ = {
			isa = PBXVariantGroup;
			children = (
				69157E4C1E53C2B4001B4B6C /* Base */,
			);
			name = Main.storyboard;
			sourceTree = "<group>";
		};
		69157E501E53C2B4001B4B6C /* LaunchScreen.storyboard */ = {
			isa = PBXVariantGroup;
			children = (
				69157E511E53C2B4001B4B6C /* Base */,
			);
			name = LaunchScreen.storyboard;
			sourceTree = "<group>";
		};
/* End PBXVariantGroup section */

/* Begin XCBuildConfiguration section */
		69157E541E53C2B4001B4B6C /* Debug */ = {
			isa = XCBuildConfiguration;
			buildSettings = {
				ALWAYS_SEARCH_USER_PATHS = NO;
				CLANG_ANALYZER_NONNULL = YES;
				CLANG_CXX_LANGUAGE_STANDARD = "gnu++0x";
				CLANG_CXX_LIBRARY = "libc++";
				CLANG_ENABLE_MODULES = YES;
				CLANG_ENABLE_OBJC_ARC = YES;
				CLANG_WARN_BOOL_CONVERSION = YES;
				CLANG_WARN_CONSTANT_CONVERSION = YES;
				CLANG_WARN_DIRECT_OBJC_ISA_USAGE = YES_ERROR;
				CLANG_WARN_DOCUMENTATION_COMMENTS = YES;
				CLANG_WARN_EMPTY_BODY = YES;
				CLANG_WARN_ENUM_CONVERSION = YES;
				CLANG_WARN_INFINITE_RECURSION = YES;
				CLANG_WARN_INT_CONVERSION = YES;
				CLANG_WARN_OBJC_ROOT_CLASS = YES_ERROR;
				CLANG_WARN_SUSPICIOUS_MOVE = YES;
				CLANG_WARN_UNREACHABLE_CODE = YES;
				CLANG_WARN__DUPLICATE_METHOD_MATCH = YES;
				"CODE_SIGN_IDENTITY[sdk=iphoneos*]" = "iPhone Developer";
				COPY_PHASE_STRIP = NO;
				DEBUG_INFORMATION_FORMAT = dwarf;
				ENABLE_STRICT_OBJC_MSGSEND = YES;
				ENABLE_TESTABILITY = YES;
				GCC_C_LANGUAGE_STANDARD = gnu99;
				GCC_DYNAMIC_NO_PIC = NO;
				GCC_NO_COMMON_BLOCKS = YES;
				GCC_OPTIMIZATION_LEVEL = 0;
				GCC_PREPROCESSOR_DEFINITIONS = (
					"DEBUG=1",
					"$(inherited)",
				);
				GCC_WARN_64_TO_32_BIT_CONVERSION = YES;
				GCC_WARN_ABOUT_RETURN_TYPE = YES_ERROR;
				GCC_WARN_UNDECLARED_SELECTOR = YES;
				GCC_WARN_UNINITIALIZED_AUTOS = YES_AGGRESSIVE;
				GCC_WARN_UNUSED_FUNCTION = YES;
				GCC_WARN_UNUSED_VARIABLE = YES;
				IPHONEOS_DEPLOYMENT_TARGET = 10.2;
				MTL_ENABLE_DEBUG_INFO = YES;
				ONLY_ACTIVE_ARCH = YES;
				SDKROOT = iphoneos;
				SWIFT_ACTIVE_COMPILATION_CONDITIONS = DEBUG;
				SWIFT_OPTIMIZATION_LEVEL = "-Onone";
			};
			name = Debug;
		};
		69157E551E53C2B4001B4B6C /* Release */ = {
			isa = XCBuildConfiguration;
			buildSettings = {
				ALWAYS_SEARCH_USER_PATHS = NO;
				CLANG_ANALYZER_NONNULL = YES;
				CLANG_CXX_LANGUAGE_STANDARD = "gnu++0x";
				CLANG_CXX_LIBRARY = "libc++";
				CLANG_ENABLE_MODULES = YES;
				CLANG_ENABLE_OBJC_ARC = YES;
				CLANG_WARN_BOOL_CONVERSION = YES;
				CLANG_WARN_CONSTANT_CONVERSION = YES;
				CLANG_WARN_DIRECT_OBJC_ISA_USAGE = YES_ERROR;
				CLANG_WARN_DOCUMENTATION_COMMENTS = YES;
				CLANG_WARN_EMPTY_BODY = YES;
				CLANG_WARN_ENUM_CONVERSION = YES;
				CLANG_WARN_INFINITE_RECURSION = YES;
				CLANG_WARN_INT_CONVERSION = YES;
				CLANG_WARN_OBJC_ROOT_CLASS = YES_ERROR;
				CLANG_WARN_SUSPICIOUS_MOVE = YES;
				CLANG_WARN_UNREACHABLE_CODE = YES;
				CLANG_WARN__DUPLICATE_METHOD_MATCH = YES;
				"CODE_SIGN_IDENTITY[sdk=iphoneos*]" = "iPhone Developer";
				COPY_PHASE_STRIP = NO;
				DEBUG_INFORMATION_FORMAT = "dwarf-with-dsym";
				ENABLE_NS_ASSERTIONS = NO;
				ENABLE_STRICT_OBJC_MSGSEND = YES;
				GCC_C_LANGUAGE_STANDARD = gnu99;
				GCC_NO_COMMON_BLOCKS = YES;
				GCC_WARN_64_TO_32_BIT_CONVERSION = YES;
				GCC_WARN_ABOUT_RETURN_TYPE = YES_ERROR;
				GCC_WARN_UNDECLARED_SELECTOR = YES;
				GCC_WARN_UNINITIALIZED_AUTOS = YES_AGGRESSIVE;
				GCC_WARN_UNUSED_FUNCTION = YES;
				GCC_WARN_UNUSED_VARIABLE = YES;
				IPHONEOS_DEPLOYMENT_TARGET = 10.2;
				MTL_ENABLE_DEBUG_INFO = NO;
				SDKROOT = iphoneos;
				SWIFT_OPTIMIZATION_LEVEL = "-Owholemodule";
				VALIDATE_PRODUCT = YES;
			};
			name = Release;
		};
		69157E571E53C2B4001B4B6C /* Debug */ = {
			isa = XCBuildConfiguration;
			buildSettings = {
				ASSETCATALOG_COMPILER_APPICON_NAME = AppIcon;
				DEVELOPMENT_TEAM = KL9ALXR7AN;
				INFOPLIST_FILE = TableVIew/Info.plist;
				LD_RUNPATH_SEARCH_PATHS = "$(inherited) @executable_path/Frameworks";
				PRODUCT_BUNDLE_IDENTIFIER = com.jay.TableVIew;
				PRODUCT_NAME = "$(TARGET_NAME)";
				SWIFT_VERSION = 3.0;
			};
			name = Debug;
		};
		69157E581E53C2B4001B4B6C /* Release */ = {
			isa = XCBuildConfiguration;
			buildSettings = {
				ASSETCATALOG_COMPILER_APPICON_NAME = AppIcon;
				DEVELOPMENT_TEAM = KL9ALXR7AN;
				INFOPLIST_FILE = TableVIew/Info.plist;
				LD_RUNPATH_SEARCH_PATHS = "$(inherited) @executable_path/Frameworks";
				PRODUCT_BUNDLE_IDENTIFIER = com.jay.TableVIew;
				PRODUCT_NAME = "$(TARGET_NAME)";
				SWIFT_VERSION = 3.0;
			};
			name = Release;
		};
/* End XCBuildConfiguration section */

/* Begin XCConfigurationList section */
		69157E3F1E53C2B4001B4B6C /* Build configuration list for PBXProject "TableVIew" */ = {
			isa = XCConfigurationList;
			buildConfigurations = (
				69157E541E53C2B4001B4B6C /* Debug */,
				69157E551E53C2B4001B4B6C /* Release */,
			);
			defaultConfigurationIsVisible = 0;
			defaultConfigurationName = Release;
		};
		69157E561E53C2B4001B4B6C /* Build configuration list for PBXNativeTarget "TableVIew" */ = {
			isa = XCConfigurationList;
			buildConfigurations = (
				69157E571E53C2B4001B4B6C /* Debug */,
				69157E581E53C2B4001B4B6C /* Release */,
			);
			defaultConfigurationIsVisible = 0;
		};
/* End XCConfigurationList section */
	};
	rootObject = 69157E3C1E53C2B4001B4B6C /* Project object */;
}
